
Microsoft Visual Studio Solution File, Format Version 12.00
# Visual Studio Version 16
VisualStudioVersion = 16.0.30320.27
MinimumVisualStudioVersion = 10.0.40219.1
Project("{FAE04EC0-301F-11D3-BF4B-00C04F79EFBC}") = "proyectoFinal", "proyectoFinal\proyectoFinal.csproj", "{746C83EF-A54A-4C7F-8C93-43720AEB016F}"
EndProject
Project("{FAE04EC0-301F-11D3-BF4B-00C04F79EFBC}") = "LibreriaCon", "LibreriaCon\LibreriaCon.csproj", "{EC199F05-2E50-42A6-B5B4-540BF2A25B64}"
EndProject
Project("{FAE04EC0-301F-11D3-BF4B-00C04F79EFBC}") = "proyectoFinalyacasi", "..\ProyectoFinalYaCasi\proyectoFinal\proyectoFinalyacasi.csproj", "{2911872C-AF46-457D-9EDC-1C78989C1BCF}"
EndProject
Global
	GlobalSection(SolutionConfigurationPlatforms) = preSolution
		Debug|Any CPU = Debug|Any CPU
		Release|Any CPU = Release|Any CPU
	EndGlobalSection
	GlobalSection(ProjectConfigurationPlatforms) = postSolution
		{746C83EF-A54A-4C7F-8C93-43720AEB016F}.Debug|Any CPU.ActiveCfg = Debug|Any CPU
		{746C83EF-A54A-4C7F-8C93-43720AEB016F}.Debug|Any CPU.Build.0 = Debug|Any CPU
		{746C83EF-A54A-4C7F-8C93-43720AEB016F}.Release|Any CPU.ActiveCfg = Release|Any CPU
		{746C83EF-A54A-4C7F-8C93-43720AEB016F}.Release|Any CPU.Build.0 = Release|Any CPU
		{EC199F05-2E50-42A6-B5B4-540BF2A25B64}.Debug|Any CPU.ActiveCfg = Debug|Any CPU
		{EC199F05-2E50-42A6-B5B4-540BF2A25B64}.Debug|Any CPU.Build.0 = Debug|Any CPU
		{EC199F05-2E50-42A6-B5B4-540BF2A25B64}.Release|Any CPU.ActiveCfg = Release|Any CPU
		{EC199F05-2E50-42A6-B5B4-540BF2A25B64}.Release|Any CPU.Build.0 = Release|Any CPU
		{2911872C-AF46-457D-9EDC-1C78989C1BCF}.Debug|Any CPU.ActiveCfg = Debug|Any CPU
		{2911872C-AF46-457D-9EDC-1C78989C1BCF}.Debug|Any CPU.Build.0 = Debug|Any CPU
		{2911872C-AF46-457D-9EDC-1C78989C1BCF}.Release|Any CPU.ActiveCfg = Release|Any CPU
		{2911872C-AF46-457D-9EDC-1C78989C1BCF}.Release|Any CPU.Build.0 = Release|Any CPU
	EndGlobalSection
	GlobalSection(SolutionProperties) = preSolution
		HideSolutionNode = FALSE
	EndGlobalSection
	GlobalSection(ExtensibilityGlobals) = postSolution
		SolutionGuid = {66CD1A59-1DAD-480B-841E-E267437A6AF2}
	EndGlobalSection
EndGlobal
